// !$*UTF8*$!
{
	archiveVersion = 1;
	classes = {
	};
	objectVersion = 46;
	objects = {

/* Begin PBXFileReference section */
		8591B03015DA8B47002EC4CA /* modules */ = {isa = PBXFileReference; lastKnownFileType = folder; path = modules; sourceTree = "<group>"; };
		859B0CBD156C2449008BB03E /* xpcc */ = {isa = PBXFileReference; lastKnownFileType = folder; name = xpcc; path = ../xpcc/src/xpcc; sourceTree = "<group>"; };
		859B0CBF156C24C2008BB03E /* xpcc */ = {isa = PBXFileReference; lastKnownFileType = folder; name = xpcc; path = ../xpcc; sourceTree = "<group>"; };
/* End PBXFileReference section */

/* Begin PBXGroup section */
		855A80891302F7C600E9FB14 = {
			isa = PBXGroup;
			children = (
				8591B03015DA8B47002EC4CA /* modules */,
				859B0CBD156C2449008BB03E /* xpcc */,
				859B0CBF156C24C2008BB03E /* xpcc */,
			);
			sourceTree = "<group>";
		};
/* End PBXGroup section */

/* Begin PBXLegacyTarget section */
		85D9B74C156C2B04001A2501 /* luminet */ = {
			isa = PBXLegacyTarget;
			buildArgumentsString = "";
			buildConfigurationList = 85D9B74F156C2B04001A2501 /* Build configuration list for PBXLegacyTarget "luminet" */;
			buildPhases = (
			);
			buildToolPath = scons;
			buildWorkingDirectory = /Users/niklas/development/textile_display/modules/luminet;
			dependencies = (
			);
			name = luminet;
			passBuildSettingsInEnvironment = 1;
			productName = ahrs;
		};
		85FE784C15DE2A6B0046A8F7 /* stm32_test */ = {
			isa = PBXLegacyTarget;
			buildArgumentsString = "";
			buildConfigurationList = 85FE784D15DE2A6B0046A8F7 /* Build configuration list for PBXLegacyTarget "stm32_test" */;
			buildPhases = (
			);
			buildToolPath = scons;
			buildWorkingDirectory = /Users/niklas/development/textile_display/modules/stm32_test;
			dependencies = (
			);
			name = stm32_test;
			passBuildSettingsInEnvironment = 1;
			productName = ahrs;
		};
/* End PBXLegacyTarget section */

/* Begin PBXProject section */
		855A808B1302F7C600E9FB14 /* Project object */ = {
			isa = PBXProject;
			attributes = {
				LastUpgradeCheck = 0440;
			};
			buildConfigurationList = 855A808E1302F7C600E9FB14 /* Build configuration list for PBXProject "textile display" */;
			compatibilityVersion = "Xcode 3.2";
			developmentRegion = English;
			hasScannedForEncodings = 0;
			knownRegions = (
				English,
				Japanese,
				French,
				German,
			);
			mainGroup = 855A80891302F7C600E9FB14;
			projectDirPath = "";
			projectRoot = "";
			targets = (
				85D9B74C156C2B04001A2501 /* luminet */,
				85FE784C15DE2A6B0046A8F7 /* stm32_test */,
			);
		};
/* End PBXProject section */

/* Begin XCBuildConfiguration section */
		855A808C1302F7C600E9FB14 /* Debug */ = {
			isa = XCBuildConfiguration;
			buildSettings = {
			};
			name = Debug;
		};
		855A808D1302F7C600E9FB14 /* Release */ = {
			isa = XCBuildConfiguration;
			buildSettings = {
			};
			name = Release;
		};
		85D9B74D156C2B04001A2501 /* Debug */ = {
			isa = XCBuildConfiguration;
			buildSettings = {
				COMBINE_HIDPI_IMAGES = YES;
				PATH = "/Library/Frameworks/Python.framework/Versions/2.7/bin:/Library/Frameworks/Python.framework/Versions/2.6/bin:/Library/Frameworks/Python.framework/Versions/2.7/bin:/opt/local/bin:/opt/local/sbin:/Library/Frameworks/Python.framework/Versions/2.6/bin:/Library/Frameworks/Python.framework/Versions/Current/bin:/usr/sat/bin:/usr/local/sbin:/Users/niklas/.scripts:/usr/bin:/bin:/usr/sbin:/sbin:/usr/local/bin:/usr/X11/bin:/usr/local/git/bin:/usr/texbin:/usr/local/CrossPack-AVR/bin";
				SCONSFLAGS = "-Q -j2 --site-dir=${XPCC_HOME}scons/";
				XPCC_HOME = "$(XPCC_HOME)";
			};
			name = Debug;
		};
		85D9B74E156C2B04001A2501 /* Release */ = {
			isa = XCBuildConfiguration;
			buildSettings = {
				COMBINE_HIDPI_IMAGES = YES;
				PATH = "/Library/Frameworks/Python.framework/Versions/2.7/bin:/Library/Frameworks/Python.framework/Versions/2.6/bin:/Library/Frameworks/Python.framework/Versions/2.7/bin:/opt/local/bin:/opt/local/sbin:/Library/Frameworks/Python.framework/Versions/2.6/bin:/Library/Frameworks/Python.framework/Versions/Current/bin:/usr/sat/bin:/usr/local/sbin:/Users/niklas/.scripts:/usr/bin:/bin:/usr/sbin:/sbin:/usr/local/bin:/usr/X11/bin:/usr/local/git/bin:/usr/texbin:/usr/local/CrossPack-AVR/bin";
				SCONSFLAGS = "-Q -j2 --site-dir=${XPCC_HOME}scons/";
				XPCC_HOME = "$(XPCC_HOME)";
			};
			name = Release;
		};
		85FE784E15DE2A6B0046A8F7 /* Debug */ = {
			isa = XCBuildConfiguration;
			buildSettings = {
				COMBINE_HIDPI_IMAGES = YES;
				PATH = "/Library/Frameworks/Python.framework/Versions/2.7/bin:/Library/Frameworks/Python.framework/Versions/2.6/bin:/Library/Frameworks/Python.framework/Versions/2.7/bin:/opt/local/bin:/opt/local/sbin:/Library/Frameworks/Python.framework/Versions/2.6/bin:/Library/Frameworks/Python.framework/Versions/Current/bin:/usr/sat/bin:/usr/local/sbin:/Users/niklas/.scripts:/usr/bin:/bin:/usr/sbin:/sbin:/usr/local/bin:/usr/X11/bin:/usr/local/git/bin:/usr/texbin:/usr/local/CrossPack-AVR/bin";
				SCONSFLAGS = "-Q -j2 --site-dir=${XPCC_HOME}scons/";
				XPCC_HOME = "$(XPCC_HOME)";
			};
			name = Debug;
		};
		85FE784F15DE2A6B0046A8F7 /* Release */ = {
			isa = XCBuildConfiguration;
			buildSettings = {
				COMBINE_HIDPI_IMAGES = YES;
				PATH = "/Library/Frameworks/Python.framework/Versions/2.7/bin:/Library/Frameworks/Python.framework/Versions/2.6/bin:/Library/Frameworks/Python.framework/Versions/2.7/bin:/opt/local/bin:/opt/local/sbin:/Library/Frameworks/Python.framework/Versions/2.6/bin:/Library/Frameworks/Python.framework/Versions/Current/bin:/usr/sat/bin:/usr/local/sbin:/Users/niklas/.scripts:/usr/bin:/bin:/usr/sbin:/sbin:/usr/local/bin:/usr/X11/bin:/usr/local/git/bin:/usr/texbin:/usr/local/CrossPack-AVR/bin";
				SCONSFLAGS = "-Q -j2 --site-dir=${XPCC_HOME}scons/";
				XPCC_HOME = "$(XPCC_HOME)";
			};
			name = Release;
		};
/* End XCBuildConfiguration section */

/* Begin XCConfigurationList section */
		855A808E1302F7C600E9FB14 /* Build configuration list for PBXProject "textile display" */ = {
			isa = XCConfigurationList;
			buildConfigurations = (
				855A808C1302F7C600E9FB14 /* Debug */,
				855A808D1302F7C600E9FB14 /* Release */,
			);
			defaultConfigurationIsVisible = 0;
			defaultConfigurationName = Release;
		};
		85D9B74F156C2B04001A2501 /* Build configuration list for PBXLegacyTarget "luminet" */ = {
			isa = XCConfigurationList;
			buildConfigurations = (
				85D9B74D156C2B04001A2501 /* Debug */,
				85D9B74E156C2B04001A2501 /* Release */,
			);
			defaultConfigurationIsVisible = 0;
			defaultConfigurationName = Release;
		};
		85FE784D15DE2A6B0046A8F7 /* Build configuration list for PBXLegacyTarget "stm32_test" */ = {
			isa = XCConfigurationList;
			buildConfigurations = (
				85FE784E15DE2A6B0046A8F7 /* Debug */,
				85FE784F15DE2A6B0046A8F7 /* Release */,
			);
			defaultConfigurationIsVisible = 0;
			defaultConfigurationName = Release;
		};
/* End XCConfigurationList section */
	};
	rootObject = 855A808B1302F7C600E9FB14 /* Project object */;
}
